// !$*UTF8*$!
{
	archiveVersion = 1;
	classes = {
	};
	objectVersion = 56;
	objects = {

/* Begin PBXBuildFile section */
		B1E15A322C47A95200939AB0 /* web3_swift_testApp.swift in Sources */ = {isa = PBXBuildFile; fileRef = B1E15A312C47A95200939AB0 /* web3_swift_testApp.swift */; };
		B1E15A342C47A95200939AB0 /* ContentView.swift in Sources */ = {isa = PBXBuildFile; fileRef = B1E15A332C47A95200939AB0 /* ContentView.swift */; };
		B1E15A362C47A95300939AB0 /* Assets.xcassets in Resources */ = {isa = PBXBuildFile; fileRef = B1E15A352C47A95300939AB0 /* Assets.xcassets */; };
		B1E15A392C47A95300939AB0 /* Preview Assets.xcassets in Resources */ = {isa = PBXBuildFile; fileRef = B1E15A382C47A95300939AB0 /* Preview Assets.xcassets */; };
		B1E15ADC2C47B1D700939AB0 /* Web3 in Frameworks */ = {isa = PBXBuildFile; productRef = B1E15ADB2C47B1D700939AB0 /* Web3 */; };
		B1E15ADE2C47B1D700939AB0 /* Web3ContractABI in Frameworks */ = {isa = PBXBuildFile; productRef = B1E15ADD2C47B1D700939AB0 /* Web3ContractABI */; };
		B1E15AE02C47B1D700939AB0 /* Web3PromiseKit in Frameworks */ = {isa = PBXBuildFile; productRef = B1E15ADF2C47B1D700939AB0 /* Web3PromiseKit */; };
		B1E15AE22C47B7F500939AB0 /* ViewModel.swift in Sources */ = {isa = PBXBuildFile; fileRef = B1E15AE12C47B7F500939AB0 /* ViewModel.swift */; };
		B1E15AE42C47D20F00939AB0 /* abi.swift in Sources */ = {isa = PBXBuildFile; fileRef = B1E15AE32C47D20F00939AB0 /* abi.swift */; };
/* End PBXBuildFile section */

/* Begin PBXFileReference section */
		B1E15A2E2C47A95200939AB0 /* web3.swift.test.app */ = {isa = PBXFileReference; explicitFileType = wrapper.application; includeInIndex = 0; path = web3.swift.test.app; sourceTree = BUILT_PRODUCTS_DIR; };
		B1E15A312C47A95200939AB0 /* web3_swift_testApp.swift */ = {isa = PBXFileReference; lastKnownFileType = sourcecode.swift; path = web3_swift_testApp.swift; sourceTree = "<group>"; };
		B1E15A332C47A95200939AB0 /* ContentView.swift */ = {isa = PBXFileReference; lastKnownFileType = sourcecode.swift; path = ContentView.swift; sourceTree = "<group>"; };
		B1E15A352C47A95300939AB0 /* Assets.xcassets */ = {isa = PBXFileReference; lastKnownFileType = folder.assetcatalog; path = Assets.xcassets; sourceTree = "<group>"; };
		B1E15A382C47A95300939AB0 /* Preview Assets.xcassets */ = {isa = PBXFileReference; lastKnownFileType = folder.assetcatalog; path = "Preview Assets.xcassets"; sourceTree = "<group>"; };
		B1E15AE12C47B7F500939AB0 /* ViewModel.swift */ = {isa = PBXFileReference; lastKnownFileType = sourcecode.swift; path = ViewModel.swift; sourceTree = "<group>"; };
		B1E15AE32C47D20F00939AB0 /* abi.swift */ = {isa = PBXFileReference; lastKnownFileType = sourcecode.swift; path = abi.swift; sourceTree = "<group>"; };
/* End PBXFileReference section */

/* Begin PBXFrameworksBuildPhase section */
		B1E15A2B2C47A95200939AB0 /* Frameworks */ = {
			isa = PBXFrameworksBuildPhase;
			buildActionMask = 2147483647;
			files = (
				B1E15ADE2C47B1D700939AB0 /* Web3ContractABI in Frameworks */,
				B1E15AE02C47B1D700939AB0 /* Web3PromiseKit in Frameworks */,
				B1E15ADC2C47B1D700939AB0 /* Web3 in Frameworks */,
			);
			runOnlyForDeploymentPostprocessing = 0;
		};
/* End PBXFrameworksBuildPhase section */

/* Begin PBXGroup section */
		B1E15A252C47A95200939AB0 = {
			isa = PBXGroup;
			children = (
				B1E15A302C47A95200939AB0 /* web3.swift.test */,
				B1E15A2F2C47A95200939AB0 /* Products */,
			);
			sourceTree = "<group>";
		};
		B1E15A2F2C47A95200939AB0 /* Products */ = {
			isa = PBXGroup;
			children = (
				B1E15A2E2C47A95200939AB0 /* web3.swift.test.app */,
			);
			name = Products;
			sourceTree = "<group>";
		};
		B1E15A302C47A95200939AB0 /* web3.swift.test */ = {
			isa = PBXGroup;
			children = (
				B1E15A312C47A95200939AB0 /* web3_swift_testApp.swift */,
				B1E15A332C47A95200939AB0 /* ContentView.swift */,
				B1E15AE12C47B7F500939AB0 /* ViewModel.swift */,
				B1E15A352C47A95300939AB0 /* Assets.xcassets */,
				B1E15A372C47A95300939AB0 /* Preview Content */,
				B1E15AE32C47D20F00939AB0 /* abi.swift */,
			);
			path = web3.swift.test;
			sourceTree = "<group>";
		};
		B1E15A372C47A95300939AB0 /* Preview Content */ = {
			isa = PBXGroup;
			children = (
				B1E15A382C47A95300939AB0 /* Preview Assets.xcassets */,
			);
			path = "Preview Content";
			sourceTree = "<group>";
		};
/* End PBXGroup section */

/* Begin PBXNativeTarget section */
		B1E15A2D2C47A95200939AB0 /* web3.swift.test */ = {
			isa = PBXNativeTarget;
			buildConfigurationList = B1E15A3C2C47A95300939AB0 /* Build configuration list for PBXNativeTarget "web3.swift.test" */;
			buildPhases = (
				B1E15A2A2C47A95200939AB0 /* Sources */,
				B1E15A2B2C47A95200939AB0 /* Frameworks */,
				B1E15A2C2C47A95200939AB0 /* Resources */,
			);
			buildRules = (
			);
			dependencies = (
			);
			name = web3.swift.test;
			packageProductDependencies = (
				B1E15ADB2C47B1D700939AB0 /* Web3 */,
				B1E15ADD2C47B1D700939AB0 /* Web3ContractABI */,
				B1E15ADF2C47B1D700939AB0 /* Web3PromiseKit */,
			);
			productName = web3.swift.test;
			productReference = B1E15A2E2C47A95200939AB0 /* web3.swift.test.app */;
			productType = "com.apple.product-type.application";
		};
/* End PBXNativeTarget section */

/* Begin PBXProject section */
		B1E15A262C47A95200939AB0 /* Project object */ = {
			isa = PBXProject;
			attributes = {
				BuildIndependentTargetsInParallel = 1;
				LastSwiftUpdateCheck = 1540;
				LastUpgradeCheck = 1540;
				TargetAttributes = {
					B1E15A2D2C47A95200939AB0 = {
						CreatedOnToolsVersion = 15.4;
					};
				};
			};
			buildConfigurationList = B1E15A292C47A95200939AB0 /* Build configuration list for PBXProject "web3.swift.test" */;
			compatibilityVersion = "Xcode 14.0";
			developmentRegion = en;
			hasScannedForEncodings = 0;
			knownRegions = (
				en,
				Base,
			);
			mainGroup = B1E15A252C47A95200939AB0;
			packageReferences = (
				B1E15ADA2C47B1D700939AB0 /* XCRemoteSwiftPackageReference "Web3.swift" */,
			);
			productRefGroup = B1E15A2F2C47A95200939AB0 /* Products */;
			projectDirPath = "";
			projectRoot = "";
			targets = (
				B1E15A2D2C47A95200939AB0 /* web3.swift.test */,
			);
		};
/* End PBXProject section */

/* Begin PBXResourcesBuildPhase section */
		B1E15A2C2C47A95200939AB0 /* Resources */ = {
			isa = PBXResourcesBuildPhase;
			buildActionMask = 2147483647;
			files = (
				B1E15A392C47A95300939AB0 /* Preview Assets.xcassets in Resources */,
				B1E15A362C47A95300939AB0 /* Assets.xcassets in Resources */,
			);
			runOnlyForDeploymentPostprocessing = 0;
		};
/* End PBXResourcesBuildPhase section */

/* Begin PBXSourcesBuildPhase section */
		B1E15A2A2C47A95200939AB0 /* Sources */ = {
			isa = PBXSourcesBuildPhase;
			buildActionMask = 2147483647;
			files = (
				B1E15AE42C47D20F00939AB0 /* abi.swift in Sources */,
				B1E15A342C47A95200939AB0 /* ContentView.swift in Sources */,
				B1E15AE22C47B7F500939AB0 /* ViewModel.swift in Sources */,
				B1E15A322C47A95200939AB0 /* web3_swift_testApp.swift in Sources */,
			);
			runOnlyForDeploymentPostprocessing = 0;
		};
/* End PBXSourcesBuildPhase section */

/* Begin XCBuildConfiguration section */
		B1E15A3A2C47A95300939AB0 /* Debug */ = {
			isa = XCBuildConfiguration;
			buildSettings = {
				ALWAYS_SEARCH_USER_PATHS = NO;
				ASSETCATALOG_COMPILER_GENERATE_SWIFT_ASSET_SYMBOL_EXTENSIONS = YES;
				CLANG_ANALYZER_NONNULL = YES;
				CLANG_ANALYZER_NUMBER_OBJECT_CONVERSION = YES_AGGRESSIVE;
				CLANG_CXX_LANGUAGE_STANDARD = "gnu++20";
				CLANG_ENABLE_MODULES = YES;
				CLANG_ENABLE_OBJC_ARC = YES;
				CLANG_ENABLE_OBJC_WEAK = YES;
				CLANG_WARN_BLOCK_CAPTURE_AUTORELEASING = YES;
				CLANG_WARN_BOOL_CONVERSION = YES;
				CLANG_WARN_COMMA = YES;
				CLANG_WARN_CONSTANT_CONVERSION = YES;
				CLANG_WARN_DEPRECATED_OBJC_IMPLEMENTATIONS = YES;
				CLANG_WARN_DIRECT_OBJC_ISA_USAGE = YES_ERROR;
				CLANG_WARN_DOCUMENTATION_COMMENTS = YES;
				CLANG_WARN_EMPTY_BODY = YES;
				CLANG_WARN_ENUM_CONVERSION = YES;
				CLANG_WARN_INFINITE_RECURSION = YES;
				CLANG_WARN_INT_CONVERSION = YES;
				CLANG_WARN_NON_LITERAL_NULL_CONVERSION = YES;
				CLANG_WARN_OBJC_IMPLICIT_RETAIN_SELF = YES;
				CLANG_WARN_OBJC_LITERAL_CONVERSION = YES;
				CLANG_WARN_OBJC_ROOT_CLASS = YES_ERROR;
				CLANG_WARN_QUOTED_INCLUDE_IN_FRAMEWORK_HEADER = YES;
				CLANG_WARN_RANGE_LOOP_ANALYSIS = YES;
				CLANG_WARN_STRICT_PROTOTYPES = YES;
				CLANG_WARN_SUSPICIOUS_MOVE = YES;
				CLANG_WARN_UNGUARDED_AVAILABILITY = YES_AGGRESSIVE;
				CLANG_WARN_UNREACHABLE_CODE = YES;
				CLANG_WARN__DUPLICATE_METHOD_MATCH = YES;
				COPY_PHASE_STRIP = NO;
				DEBUG_INFORMATION_FORMAT = dwarf;
				ENABLE_STRICT_OBJC_MSGSEND = YES;
				ENABLE_TESTABILITY = YES;
				ENABLE_USER_SCRIPT_SANDBOXING = YES;
				GCC_C_LANGUAGE_STANDARD = gnu17;
				GCC_DYNAMIC_NO_PIC = NO;
				GCC_NO_COMMON_BLOCKS = YES;
				GCC_OPTIMIZATION_LEVEL = 0;
				GCC_PREPROCESSOR_DEFINITIONS = (
					"DEBUG=1",
					"$(inherited)",
				);
				GCC_WARN_64_TO_32_BIT_CONVERSION = YES;
				GCC_WARN_ABOUT_RETURN_TYPE = YES_ERROR;
				GCC_WARN_UNDECLARED_SELECTOR = YES;
				GCC_WARN_UNINITIALIZED_AUTOS = YES_AGGRESSIVE;
				GCC_WARN_UNUSED_FUNCTION = YES;
				GCC_WARN_UNUSED_VARIABLE = YES;
				IPHONEOS_DEPLOYMENT_TARGET = 17.5;
				LOCALIZATION_PREFERS_STRING_CATALOGS = YES;
				MTL_ENABLE_DEBUG_INFO = INCLUDE_SOURCE;
				MTL_FAST_MATH = YES;
				ONLY_ACTIVE_ARCH = YES;
				SDKROOT = iphoneos;
				SWIFT_ACTIVE_COMPILATION_CONDITIONS = "DEBUG $(inherited)";
				SWIFT_OPTIMIZATION_LEVEL = "-Onone";
			};
			name = Debug;
		};
		B1E15A3B2C47A95300939AB0 /* Release */ = {
			isa = XCBuildConfiguration;
			buildSettings = {
				ALWAYS_SEARCH_USER_PATHS = NO;
				ASSETCATALOG_COMPILER_GENERATE_SWIFT_ASSET_SYMBOL_EXTENSIONS = YES;
				CLANG_ANALYZER_NONNULL = YES;
				CLANG_ANALYZER_NUMBER_OBJECT_CONVERSION = YES_AGGRESSIVE;
				CLANG_CXX_LANGUAGE_STANDARD = "gnu++20";
				CLANG_ENABLE_MODULES = YES;
				CLANG_ENABLE_OBJC_ARC = YES;
				CLANG_ENABLE_OBJC_WEAK = YES;
				CLANG_WARN_BLOCK_CAPTURE_AUTORELEASING = YES;
				CLANG_WARN_BOOL_CONVERSION = YES;
				CLANG_WARN_COMMA = YES;
				CLANG_WARN_CONSTANT_CONVERSION = YES;
				CLANG_WARN_DEPRECATED_OBJC_IMPLEMENTATIONS = YES;
				CLANG_WARN_DIRECT_OBJC_ISA_USAGE = YES_ERROR;
				CLANG_WARN_DOCUMENTATION_COMMENTS = YES;
				CLANG_WARN_EMPTY_BODY = YES;
				CLANG_WARN_ENUM_CONVERSION = YES;
				CLANG_WARN_INFINITE_RECURSION = YES;
				CLANG_WARN_INT_CONVERSION = YES;
				CLANG_WARN_NON_LITERAL_NULL_CONVERSION = YES;
				CLANG_WARN_OBJC_IMPLICIT_RETAIN_SELF = YES;
				CLANG_WARN_OBJC_LITERAL_CONVERSION = YES;
				CLANG_WARN_OBJC_ROOT_CLASS = YES_ERROR;
				CLANG_WARN_QUOTED_INCLUDE_IN_FRAMEWORK_HEADER = YES;
				CLANG_WARN_RANGE_LOOP_ANALYSIS = YES;
				CLANG_WARN_STRICT_PROTOTYPES = YES;
				CLANG_WARN_SUSPICIOUS_MOVE = YES;
				CLANG_WARN_UNGUARDED_AVAILABILITY = YES_AGGRESSIVE;
				CLANG_WARN_UNREACHABLE_CODE = YES;
				CLANG_WARN__DUPLICATE_METHOD_MATCH = YES;
				COPY_PHASE_STRIP = NO;
				DEBUG_INFORMATION_FORMAT = "dwarf-with-dsym";
				ENABLE_NS_ASSERTIONS = NO;
				ENABLE_STRICT_OBJC_MSGSEND = YES;
				ENABLE_USER_SCRIPT_SANDBOXING = YES;
				GCC_C_LANGUAGE_STANDARD = gnu17;
				GCC_NO_COMMON_BLOCKS = YES;
				GCC_WARN_64_TO_32_BIT_CONVERSION = YES;
				GCC_WARN_ABOUT_RETURN_TYPE = YES_ERROR;
				GCC_WARN_UNDECLARED_SELECTOR = YES;
				GCC_WARN_UNINITIALIZED_AUTOS = YES_AGGRESSIVE;
				GCC_WARN_UNUSED_FUNCTION = YES;
				GCC_WARN_UNUSED_VARIABLE = YES;
				IPHONEOS_DEPLOYMENT_TARGET = 17.5;
				LOCALIZATION_PREFERS_STRING_CATALOGS = YES;
				MTL_ENABLE_DEBUG_INFO = NO;
				MTL_FAST_MATH = YES;
				SDKROOT = iphoneos;
				SWIFT_COMPILATION_MODE = wholemodule;
				VALIDATE_PRODUCT = YES;
			};
			name = Release;
		};
		B1E15A3D2C47A95300939AB0 /* Debug */ = {
			isa = XCBuildConfiguration;
			buildSettings = {
				ASSETCATALOG_COMPILER_APPICON_NAME = AppIcon;
				ASSETCATALOG_COMPILER_GLOBAL_ACCENT_COLOR_NAME = AccentColor;
				CODE_SIGN_STYLE = Automatic;
				CURRENT_PROJECT_VERSION = 1;
				DEVELOPMENT_ASSET_PATHS = "\"web3.swift.test/Preview Content\"";
				DEVELOPMENT_TEAM = RPH9JS3TFD;
				ENABLE_PREVIEWS = YES;
				GENERATE_INFOPLIST_FILE = YES;
				INFOPLIST_KEY_UIApplicationSceneManifest_Generation = YES;
				INFOPLIST_KEY_UIApplicationSupportsIndirectInputEvents = YES;
				INFOPLIST_KEY_UILaunchScreen_Generation = YES;
				INFOPLIST_KEY_UISupportedInterfaceOrientations_iPad = "UIInterfaceOrientationPortrait UIInterfaceOrientationPortraitUpsideDown UIInterfaceOrientationLandscapeLeft UIInterfaceOrientationLandscapeRight";
				INFOPLIST_KEY_UISupportedInterfaceOrientations_iPhone = "UIInterfaceOrientationPortrait UIInterfaceOrientationLandscapeLeft UIInterfaceOrientationLandscapeRight";
				LD_RUNPATH_SEARCH_PATHS = (
					"$(inherited)",
					"@executable_path/Frameworks",
				);
				MARKETING_VERSION = 1.0;
				PRODUCT_BUNDLE_IDENTIFIER = "com.web3.swift.test.web3-swift-test";
				PRODUCT_NAME = "$(TARGET_NAME)";
				SWIFT_ACTIVE_COMPILATION_CONDITIONS = "DEBUG $(inherited) Web3CocoaPods";
				SWIFT_EMIT_LOC_STRINGS = YES;
				SWIFT_VERSION = 5.0;
				TARGETED_DEVICE_FAMILY = "1,2";
			};
			name = Debug;
		};
		B1E15A3E2C47A95300939AB0 /* Release */ = {
			isa = XCBuildConfiguration;
			buildSettings = {
				ASSETCATALOG_COMPILER_APPICON_NAME = AppIcon;
				ASSETCATALOG_COMPILER_GLOBAL_ACCENT_COLOR_NAME = AccentColor;
				CODE_SIGN_STYLE = Automatic;
				CURRENT_PROJECT_VERSION = 1;
				DEVELOPMENT_ASSET_PATHS = "\"web3.swift.test/Preview Content\"";
				DEVELOPMENT_TEAM = RPH9JS3TFD;
				ENABLE_PREVIEWS = YES;
				GENERATE_INFOPLIST_FILE = YES;
				INFOPLIST_KEY_UIApplicationSceneManifest_Generation = YES;
				INFOPLIST_KEY_UIApplicationSupportsIndirectInputEvents = YES;
				INFOPLIST_KEY_UILaunchScreen_Generation = YES;
				INFOPLIST_KEY_UISupportedInterfaceOrientations_iPad = "UIInterfaceOrientationPortrait UIInterfaceOrientationPortraitUpsideDown UIInterfaceOrientationLandscapeLeft UIInterfaceOrientationLandscapeRight";
				INFOPLIST_KEY_UISupportedInterfaceOrientations_iPhone = "UIInterfaceOrientationPortrait UIInterfaceOrientationLandscapeLeft UIInterfaceOrientationLandscapeRight";
				LD_RUNPATH_SEARCH_PATHS = (
					"$(inherited)",
					"@executable_path/Frameworks",
				);
				MARKETING_VERSION = 1.0;
				PRODUCT_BUNDLE_IDENTIFIER = "com.web3.swift.test.web3-swift-test";
				PRODUCT_NAME = "$(TARGET_NAME)";
				SWIFT_ACTIVE_COMPILATION_CONDITIONS = Web3CocoaPods;
				SWIFT_EMIT_LOC_STRINGS = YES;
				SWIFT_VERSION = 5.0;
				TARGETED_DEVICE_FAMILY = "1,2";
			};
			name = Release;
		};
/* End XCBuildConfiguration section */

/* Begin XCConfigurationList section */
		B1E15A292C47A95200939AB0 /* Build configuration list for PBXProject "web3.swift.test" */ = {
			isa = XCConfigurationList;
			buildConfigurations = (
				B1E15A3A2C47A95300939AB0 /* Debug */,
				B1E15A3B2C47A95300939AB0 /* Release */,
			);
			defaultConfigurationIsVisible = 0;
			defaultConfigurationName = Release;
		};
		B1E15A3C2C47A95300939AB0 /* Build configuration list for PBXNativeTarget "web3.swift.test" */ = {
			isa = XCConfigurationList;
			buildConfigurations = (
				B1E15A3D2C47A95300939AB0 /* Debug */,
				B1E15A3E2C47A95300939AB0 /* Release */,
			);
			defaultConfigurationIsVisible = 0;
			defaultConfigurationName = Release;
		};
/* End XCConfigurationList section */

/* Begin XCRemoteSwiftPackageReference section */
		B1E15ADA2C47B1D700939AB0 /* XCRemoteSwiftPackageReference "Web3.swift" */ = {
			isa = XCRemoteSwiftPackageReference;
			repositoryURL = "https://github.com/Boilertalk/Web3.swift.git";
			requirement = {
				kind = upToNextMajorVersion;
				minimumVersion = 0.8.8;
			};
		};
/* End XCRemoteSwiftPackageReference section */

/* Begin XCSwiftPackageProductDependency section */
		B1E15ADB2C47B1D700939AB0 /* Web3 */ = {
			isa = XCSwiftPackageProductDependency;
			package = B1E15ADA2C47B1D700939AB0 /* XCRemoteSwiftPackageReference "Web3.swift" */;
			productName = Web3;
		};
		B1E15ADD2C47B1D700939AB0 /* Web3ContractABI */ = {
			isa = XCSwiftPackageProductDependency;
			package = B1E15ADA2C47B1D700939AB0 /* XCRemoteSwiftPackageReference "Web3.swift" */;
			productName = Web3ContractABI;
		};
		B1E15ADF2C47B1D700939AB0 /* Web3PromiseKit */ = {
			isa = XCSwiftPackageProductDependency;
			package = B1E15ADA2C47B1D700939AB0 /* XCRemoteSwiftPackageReference "Web3.swift" */;
			productName = Web3PromiseKit;
		};
/* End XCSwiftPackageProductDependency section */
	};
	rootObject = B1E15A262C47A95200939AB0 /* Project object */;
}
